
Microsoft Visual Studio Solution File, Format Version 12.00
# Visual Studio Version 16
VisualStudioVersion = 25.0.1705.4
MinimumVisualStudioVersion = 10.0.40219.1
Project("{FAE04EC0-301F-11D3-BF4B-00C04F79EFBC}") = "Sample.Marketplace.Products.API", "Sample.Marketplace.Products.API.csproj", "{7AE08FD7-0F39-4562-8D84-6222AEA7BEA0}"
EndProject
Global
	GlobalSection(SolutionConfigurationPlatforms) = preSolution
		Debug|Any CPU = Debug|Any CPU
		Release|Any CPU = Release|Any CPU
	EndGlobalSection
	GlobalSection(ProjectConfigurationPlatforms) = postSolution
		{7AE08FD7-0F39-4562-8D84-6222AEA7BEA0}.Debug|Any CPU.ActiveCfg = Debug|Any CPU
		{7AE08FD7-0F39-4562-8D84-6222AEA7BEA0}.Debug|Any CPU.Build.0 = Debug|Any CPU
		{7AE08FD7-0F39-4562-8D84-6222AEA7BEA0}.Release|Any CPU.ActiveCfg = Release|Any CPU
		{7AE08FD7-0F39-4562-8D84-6222AEA7BEA0}.Release|Any CPU.Build.0 = Release|Any CPU
	EndGlobalSection
	GlobalSection(SolutionProperties) = preSolution
		HideSolutionNode = FALSE
	EndGlobalSection
	GlobalSection(ExtensibilityGlobals) = postSolution
		SolutionGuid = {9E91532F-C343-4B22-B50B-1DBBFF60D30D}
	EndGlobalSection
EndGlobal
